
Microsoft Visual Studio Solution File, Format Version 12.00
# Visual Studio 15
VisualStudioVersion = 15.0.27703.2042
MinimumVisualStudioVersion = 10.0.40219.1
Project("{FAE04EC0-301F-11D3-BF4B-00C04F79EFBC}") = "AdventureProgram", "AdventureProgram\AdventureProgram.csproj", "{A2F13334-9A2D-4780-9EA6-5C6EFD79CA1A}"
EndProject
Global
	GlobalSection(SolutionConfigurationPlatforms) = preSolution
		Debug|Any CPU = Debug|Any CPU
		Release|Any CPU = Release|Any CPU
	EndGlobalSection
	GlobalSection(ProjectConfigurationPlatforms) = postSolution
		{A2F13334-9A2D-4780-9EA6-5C6EFD79CA1A}.Debug|Any CPU.ActiveCfg = Debug|Any CPU
		{A2F13334-9A2D-4780-9EA6-5C6EFD79CA1A}.Debug|Any CPU.Build.0 = Debug|Any CPU
		{A2F13334-9A2D-4780-9EA6-5C6EFD79CA1A}.Release|Any CPU.ActiveCfg = Release|Any CPU
		{A2F13334-9A2D-4780-9EA6-5C6EFD79CA1A}.Release|Any CPU.Build.0 = Release|Any CPU
	EndGlobalSection
	GlobalSection(SolutionProperties) = preSolution
		HideSolutionNode = FALSE
	EndGlobalSection
	GlobalSection(ExtensibilityGlobals) = postSolution
		SolutionGuid = {E3199BEB-6D81-4B14-897E-021016B89329}
	EndGlobalSection
EndGlobal
